// !$*UTF8*$!
{
	archiveVersion = 1;
	classes = {
	};
	objectVersion = 50;
	objects = {

/* Begin PBXBuildFile section */
		2CDCDB3B251DB7D200989DBF /* Preview Assets.xcassets in Resources */ = {isa = PBXBuildFile; fileRef = 2CDCDB3A251DB7D200989DBF /* Preview Assets.xcassets */; };
		2CDCDB54251DB82200989DBF /* Assets.xcassets in Resources */ = {isa = PBXBuildFile; fileRef = 2CDCDB4B251DB82200989DBF /* Assets.xcassets */; };
		2CDCDB55251DB82200989DBF /* LaunchScreen.storyboard in Resources */ = {isa = PBXBuildFile; fileRef = 2CDCDB4C251DB82200989DBF /* LaunchScreen.storyboard */; };
		2CDCDB56251DB82200989DBF /* AppDelegate.swift in Sources */ = {isa = PBXBuildFile; fileRef = 2CDCDB4F251DB82200989DBF /* AppDelegate.swift */; };
		2CDCDB57251DB82200989DBF /* ContentView.swift in Sources */ = {isa = PBXBuildFile; fileRef = 2CDCDB50251DB82200989DBF /* ContentView.swift */; };
		2CDCDB58251DB82200989DBF /* SceneDelegate.swift in Sources */ = {isa = PBXBuildFile; fileRef = 2CDCDB51251DB82200989DBF /* SceneDelegate.swift */; };
		2CDCDB59251DB82200989DBF /* Info.plist in Resources */ = {isa = PBXBuildFile; fileRef = 2CDCDB53251DB82200989DBF /* Info.plist */; };
/* End PBXBuildFile section */

/* Begin PBXFileReference section */
		2CDCDB2E251DB7D100989DBF /* TripRoad.app */ = {isa = PBXFileReference; explicitFileType = wrapper.application; includeInIndex = 0; path = TripRoad.app; sourceTree = BUILT_PRODUCTS_DIR; };
		2CDCDB3A251DB7D200989DBF /* Preview Assets.xcassets */ = {isa = PBXFileReference; lastKnownFileType = folder.assetcatalog; path = "Preview Assets.xcassets"; sourceTree = "<group>"; };
		2CDCDB4B251DB82200989DBF /* Assets.xcassets */ = {isa = PBXFileReference; lastKnownFileType = folder.assetcatalog; path = Assets.xcassets; sourceTree = "<group>"; };
		2CDCDB4D251DB82200989DBF /* Base */ = {isa = PBXFileReference; lastKnownFileType = file.storyboard; name = Base; path = Base.lproj/LaunchScreen.storyboard; sourceTree = "<group>"; };
		2CDCDB4F251DB82200989DBF /* AppDelegate.swift */ = {isa = PBXFileReference; fileEncoding = 4; lastKnownFileType = sourcecode.swift; path = AppDelegate.swift; sourceTree = "<group>"; };
		2CDCDB50251DB82200989DBF /* ContentView.swift */ = {isa = PBXFileReference; fileEncoding = 4; lastKnownFileType = sourcecode.swift; path = ContentView.swift; sourceTree = "<group>"; };
		2CDCDB51251DB82200989DBF /* SceneDelegate.swift */ = {isa = PBXFileReference; fileEncoding = 4; lastKnownFileType = sourcecode.swift; path = SceneDelegate.swift; sourceTree = "<group>"; };
		2CDCDB53251DB82200989DBF /* Info.plist */ = {isa = PBXFileReference; fileEncoding = 4; lastKnownFileType = text.plist.xml; path = Info.plist; sourceTree = "<group>"; };
/* End PBXFileReference section */

/* Begin PBXFrameworksBuildPhase section */
		2CDCDB2B251DB7D100989DBF /* Frameworks */ = {
			isa = PBXFrameworksBuildPhase;
			buildActionMask = 2147483647;
			files = (
			);
			runOnlyForDeploymentPostprocessing = 0;
		};
/* End PBXFrameworksBuildPhase section */

/* Begin PBXGroup section */
		2CDCDB25251DB7D100989DBF = {
			isa = PBXGroup;
			children = (
				2CDCDB30251DB7D100989DBF /* TripRoad */,
				2CDCDB2F251DB7D100989DBF /* Products */,
			);
			sourceTree = "<group>";
		};
		2CDCDB2F251DB7D100989DBF /* Products */ = {
			isa = PBXGroup;
			children = (
				2CDCDB2E251DB7D100989DBF /* TripRoad.app */,
			);
			name = Products;
			sourceTree = "<group>";
		};
		2CDCDB30251DB7D100989DBF /* TripRoad */ = {
			isa = PBXGroup;
			children = (
				2CDCDB4E251DB82200989DBF /* Sources */,
				2CDCDB4A251DB82200989DBF /* Resources */,
				2CDCDB52251DB82200989DBF /* Supporting Files */,
				2CDCDB39251DB7D200989DBF /* Preview Content */,
			);
			path = TripRoad;
			sourceTree = "<group>";
		};
		2CDCDB39251DB7D200989DBF /* Preview Content */ = {
			isa = PBXGroup;
			children = (
				2CDCDB3A251DB7D200989DBF /* Preview Assets.xcassets */,
			);
			path = "Preview Content";
			sourceTree = "<group>";
		};
		2CDCDB4A251DB82200989DBF /* Resources */ = {
			isa = PBXGroup;
			children = (
				2CDCDB4B251DB82200989DBF /* Assets.xcassets */,
				2CDCDB4C251DB82200989DBF /* LaunchScreen.storyboard */,
			);
			path = Resources;
			sourceTree = "<group>";
		};
		2CDCDB4E251DB82200989DBF /* Sources */ = {
			isa = PBXGroup;
			children = (
				2CDCDB4F251DB82200989DBF /* AppDelegate.swift */,
				2CDCDB50251DB82200989DBF /* ContentView.swift */,
				2CDCDB51251DB82200989DBF /* SceneDelegate.swift */,
			);
			path = Sources;
			sourceTree = "<group>";
		};
		2CDCDB52251DB82200989DBF /* Supporting Files */ = {
			isa = PBXGroup;
			children = (
				2CDCDB53251DB82200989DBF /* Info.plist */,
			);
			path = "Supporting Files";
			sourceTree = "<group>";
		};
/* End PBXGroup section */

/* Begin PBXNativeTarget section */
		2CDCDB2D251DB7D100989DBF /* TripRoad */ = {
			isa = PBXNativeTarget;
			buildConfigurationList = 2CDCDB42251DB7D200989DBF /* Build configuration list for PBXNativeTarget "TripRoad" */;
			buildPhases = (
				2CDCDB2A251DB7D100989DBF /* Sources */,
				2CDCDB2B251DB7D100989DBF /* Frameworks */,
				2CDCDB2C251DB7D100989DBF /* Resources */,
			);
			buildRules = (
			);
			dependencies = (
			);
			name = TripRoad;
			productName = TripRoad;
			productReference = 2CDCDB2E251DB7D100989DBF /* TripRoad.app */;
			productType = "com.apple.product-type.application";
		};
/* End PBXNativeTarget section */

/* Begin PBXProject section */
		2CDCDB26251DB7D100989DBF /* Project object */ = {
			isa = PBXProject;
			attributes = {
				LastSwiftUpdateCheck = 1200;
				LastUpgradeCheck = 1200;
				TargetAttributes = {
					2CDCDB2D251DB7D100989DBF = {
						CreatedOnToolsVersion = 12.0.1;
					};
				};
			};
			buildConfigurationList = 2CDCDB29251DB7D100989DBF /* Build configuration list for PBXProject "TripRoad" */;
			compatibilityVersion = "Xcode 9.3";
			developmentRegion = en;
			hasScannedForEncodings = 0;
			knownRegions = (
				en,
				Base,
			);
			mainGroup = 2CDCDB25251DB7D100989DBF;
			productRefGroup = 2CDCDB2F251DB7D100989DBF /* Products */;
			projectDirPath = "";
			projectRoot = "";
			targets = (
				2CDCDB2D251DB7D100989DBF /* TripRoad */,
			);
		};
/* End PBXProject section */

/* Begin PBXResourcesBuildPhase section */
		2CDCDB2C251DB7D100989DBF /* Resources */ = {
			isa = PBXResourcesBuildPhase;
			buildActionMask = 2147483647;
			files = (
				2CDCDB59251DB82200989DBF /* Info.plist in Resources */,
				2CDCDB55251DB82200989DBF /* LaunchScreen.storyboard in Resources */,
				2CDCDB54251DB82200989DBF /* Assets.xcassets in Resources */,
				2CDCDB3B251DB7D200989DBF /* Preview Assets.xcassets in Resources */,
			);
			runOnlyForDeploymentPostprocessing = 0;
		};
/* End PBXResourcesBuildPhase section */

/* Begin PBXSourcesBuildPhase section */
		2CDCDB2A251DB7D100989DBF /* Sources */ = {
			isa = PBXSourcesBuildPhase;
			buildActionMask = 2147483647;
			files = (
				2CDCDB57251DB82200989DBF /* ContentView.swift in Sources */,
				2CDCDB56251DB82200989DBF /* AppDelegate.swift in Sources */,
				2CDCDB58251DB82200989DBF /* SceneDelegate.swift in Sources */,
			);
			runOnlyForDeploymentPostprocessing = 0;
		};
/* End PBXSourcesBuildPhase section */

/* Begin PBXVariantGroup section */
		2CDCDB4C251DB82200989DBF /* LaunchScreen.storyboard */ = {
			isa = PBXVariantGroup;
			children = (
				2CDCDB4D251DB82200989DBF /* Base */,
			);
			name = LaunchScreen.storyboard;
			sourceTree = "<group>";
		};
/* End PBXVariantGroup section */

/* Begin XCBuildConfiguration section */
		2CDCDB40251DB7D200989DBF /* Debug */ = {
			isa = XCBuildConfiguration;
			buildSettings = {
				ALWAYS_SEARCH_USER_PATHS = NO;
				CLANG_ANALYZER_NONNULL = YES;
				CLANG_ANALYZER_NUMBER_OBJECT_CONVERSION = YES_AGGRESSIVE;
				CLANG_CXX_LANGUAGE_STANDARD = "gnu++14";
				CLANG_CXX_LIBRARY = "libc++";
				CLANG_ENABLE_MODULES = YES;
				CLANG_ENABLE_OBJC_ARC = YES;
				CLANG_ENABLE_OBJC_WEAK = YES;
				CLANG_WARN_BLOCK_CAPTURE_AUTORELEASING = YES;
				CLANG_WARN_BOOL_CONVERSION = YES;
				CLANG_WARN_COMMA = YES;
				CLANG_WARN_CONSTANT_CONVERSION = YES;
				CLANG_WARN_DEPRECATED_OBJC_IMPLEMENTATIONS = YES;
				CLANG_WARN_DIRECT_OBJC_ISA_USAGE = YES_ERROR;
				CLANG_WARN_DOCUMENTATION_COMMENTS = YES;
				CLANG_WARN_EMPTY_BODY = YES;
				CLANG_WARN_ENUM_CONVERSION = YES;
				CLANG_WARN_INFINITE_RECURSION = YES;
				CLANG_WARN_INT_CONVERSION = YES;
				CLANG_WARN_NON_LITERAL_NULL_CONVERSION = YES;
				CLANG_WARN_OBJC_IMPLICIT_RETAIN_SELF = YES;
				CLANG_WARN_OBJC_LITERAL_CONVERSION = YES;
				CLANG_WARN_OBJC_ROOT_CLASS = YES_ERROR;
				CLANG_WARN_QUOTED_INCLUDE_IN_FRAMEWORK_HEADER = YES;
				CLANG_WARN_RANGE_LOOP_ANALYSIS = YES;
				CLANG_WARN_STRICT_PROTOTYPES = YES;
				CLANG_WARN_SUSPICIOUS_MOVE = YES;
				CLANG_WARN_UNGUARDED_AVAILABILITY = YES_AGGRESSIVE;
				CLANG_WARN_UNREACHABLE_CODE = YES;
				CLANG_WARN__DUPLICATE_METHOD_MATCH = YES;
				COPY_PHASE_STRIP = NO;
				DEBUG_INFORMATION_FORMAT = dwarf;
				ENABLE_STRICT_OBJC_MSGSEND = YES;
				ENABLE_TESTABILITY = YES;
				GCC_C_LANGUAGE_STANDARD = gnu11;
				GCC_DYNAMIC_NO_PIC = NO;
				GCC_NO_COMMON_BLOCKS = YES;
				GCC_OPTIMIZATION_LEVEL = 0;
				GCC_PREPROCESSOR_DEFINITIONS = (
					"DEBUG=1",
					"$(inherited)",
				);
				GCC_WARN_64_TO_32_BIT_CONVERSION = YES;
				GCC_WARN_ABOUT_RETURN_TYPE = YES_ERROR;
				GCC_WARN_UNDECLARED_SELECTOR = YES;
				GCC_WARN_UNINITIALIZED_AUTOS = YES_AGGRESSIVE;
				GCC_WARN_UNUSED_FUNCTION = YES;
				GCC_WARN_UNUSED_VARIABLE = YES;
				IPHONEOS_DEPLOYMENT_TARGET = 14.0;
				MTL_ENABLE_DEBUG_INFO = INCLUDE_SOURCE;
				MTL_FAST_MATH = YES;
				ONLY_ACTIVE_ARCH = YES;
				SDKROOT = iphoneos;
				SWIFT_ACTIVE_COMPILATION_CONDITIONS = DEBUG;
				SWIFT_OPTIMIZATION_LEVEL = "-Onone";
			};
			name = Debug;
		};
		2CDCDB41251DB7D200989DBF /* Release */ = {
			isa = XCBuildConfiguration;
			buildSettings = {
				ALWAYS_SEARCH_USER_PATHS = NO;
				CLANG_ANALYZER_NONNULL = YES;
				CLANG_ANALYZER_NUMBER_OBJECT_CONVERSION = YES_AGGRESSIVE;
				CLANG_CXX_LANGUAGE_STANDARD = "gnu++14";
				CLANG_CXX_LIBRARY = "libc++";
				CLANG_ENABLE_MODULES = YES;
				CLANG_ENABLE_OBJC_ARC = YES;
				CLANG_ENABLE_OBJC_WEAK = YES;
				CLANG_WARN_BLOCK_CAPTURE_AUTORELEASING = YES;
				CLANG_WARN_BOOL_CONVERSION = YES;
				CLANG_WARN_COMMA = YES;
				CLANG_WARN_CONSTANT_CONVERSION = YES;
				CLANG_WARN_DEPRECATED_OBJC_IMPLEMENTATIONS = YES;
				CLANG_WARN_DIRECT_OBJC_ISA_USAGE = YES_ERROR;
				CLANG_WARN_DOCUMENTATION_COMMENTS = YES;
				CLANG_WARN_EMPTY_BODY = YES;
				CLANG_WARN_ENUM_CONVERSION = YES;
				CLANG_WARN_INFINITE_RECURSION = YES;
				CLANG_WARN_INT_CONVERSION = YES;
				CLANG_WARN_NON_LITERAL_NULL_CONVERSION = YES;
				CLANG_WARN_OBJC_IMPLICIT_RETAIN_SELF = YES;
				CLANG_WARN_OBJC_LITERAL_CONVERSION = YES;
				CLANG_WARN_OBJC_ROOT_CLASS = YES_ERROR;
				CLANG_WARN_QUOTED_INCLUDE_IN_FRAMEWORK_HEADER = YES;
				CLANG_WARN_RANGE_LOOP_ANALYSIS = YES;
				CLANG_WARN_STRICT_PROTOTYPES = YES;
				CLANG_WARN_SUSPICIOUS_MOVE = YES;
				CLANG_WARN_UNGUARDED_AVAILABILITY = YES_AGGRESSIVE;
				CLANG_WARN_UNREACHABLE_CODE = YES;
				CLANG_WARN__DUPLICATE_METHOD_MATCH = YES;
				COPY_PHASE_STRIP = NO;
				DEBUG_INFORMATION_FORMAT = "dwarf-with-dsym";
				ENABLE_NS_ASSERTIONS = NO;
				ENABLE_STRICT_OBJC_MSGSEND = YES;
				GCC_C_LANGUAGE_STANDARD = gnu11;
				GCC_NO_COMMON_BLOCKS = YES;
				GCC_WARN_64_TO_32_BIT_CONVERSION = YES;
				GCC_WARN_ABOUT_RETURN_TYPE = YES_ERROR;
				GCC_WARN_UNDECLARED_SELECTOR = YES;
				GCC_WARN_UNINITIALIZED_AUTOS = YES_AGGRESSIVE;
				GCC_WARN_UNUSED_FUNCTION = YES;
				GCC_WARN_UNUSED_VARIABLE = YES;
				IPHONEOS_DEPLOYMENT_TARGET = 14.0;
				MTL_ENABLE_DEBUG_INFO = NO;
				MTL_FAST_MATH = YES;
				SDKROOT = iphoneos;
				SWIFT_COMPILATION_MODE = wholemodule;
				SWIFT_OPTIMIZATION_LEVEL = "-O";
				VALIDATE_PRODUCT = YES;
			};
			name = Release;
		};
		2CDCDB43251DB7D200989DBF /* Debug */ = {
			isa = XCBuildConfiguration;
			buildSettings = {
				ASSETCATALOG_COMPILER_APPICON_NAME = AppIcon;
				ASSETCATALOG_COMPILER_GLOBAL_ACCENT_COLOR_NAME = AccentColor;
				CODE_SIGN_STYLE = Automatic;
				DEVELOPMENT_ASSET_PATHS = "\"TripRoad/Preview Content\"";
				DEVELOPMENT_TEAM = 6F5H8KU4M7;
				ENABLE_PREVIEWS = YES;
				INFOPLIST_FILE = TripRoad/Info.plist;
				LD_RUNPATH_SEARCH_PATHS = (
					"$(inherited)",
					"@executable_path/Frameworks",
				);
				PRODUCT_BUNDLE_IDENTIFIER = com.hyunwoo.TripRoad;
				PRODUCT_NAME = "$(TARGET_NAME)";
				SWIFT_VERSION = 5.0;
				TARGETED_DEVICE_FAMILY = "1,2";
			};
			name = Debug;
		};
		2CDCDB44251DB7D200989DBF /* Release */ = {
			isa = XCBuildConfiguration;
			buildSettings = {
				ASSETCATALOG_COMPILER_APPICON_NAME = AppIcon;
				ASSETCATALOG_COMPILER_GLOBAL_ACCENT_COLOR_NAME = AccentColor;
				CODE_SIGN_STYLE = Automatic;
				DEVELOPMENT_ASSET_PATHS = "\"TripRoad/Preview Content\"";
				DEVELOPMENT_TEAM = 6F5H8KU4M7;
				ENABLE_PREVIEWS = YES;
				INFOPLIST_FILE = TripRoad/Info.plist;
				LD_RUNPATH_SEARCH_PATHS = (
					"$(inherited)",
					"@executable_path/Frameworks",
				);
				PRODUCT_BUNDLE_IDENTIFIER = com.hyunwoo.TripRoad;
				PRODUCT_NAME = "$(TARGET_NAME)";
				SWIFT_VERSION = 5.0;
				TARGETED_DEVICE_FAMILY = "1,2";
			};
			name = Release;
		};
/* End XCBuildConfiguration section */

/* Begin XCConfigurationList section */
		2CDCDB29251DB7D100989DBF /* Build configuration list for PBXProject "TripRoad" */ = {
			isa = XCConfigurationList;
			buildConfigurations = (
				2CDCDB40251DB7D200989DBF /* Debug */,
				2CDCDB41251DB7D200989DBF /* Release */,
			);
			defaultConfigurationIsVisible = 0;
			defaultConfigurationName = Release;
		};
		2CDCDB42251DB7D200989DBF /* Build configuration list for PBXNativeTarget "TripRoad" */ = {
			isa = XCConfigurationList;
			buildConfigurations = (
				2CDCDB43251DB7D200989DBF /* Debug */,
				2CDCDB44251DB7D200989DBF /* Release */,
			);
			defaultConfigurationIsVisible = 0;
			defaultConfigurationName = Release;
		};
/* End XCConfigurationList section */
	};
	rootObject = 2CDCDB26251DB7D100989DBF /* Project object */;
}
